{
  "name": "Ticket Bot",
  "lockfileVersion": 2,
  "requires": true,
  "packages": {
    "": {
      "dependencies": {
        "discord-buttons": "^4.0.0-deprecated"
      }
    },
    "node_modules/discord-buttons": {
      "version": "4.0.0-deprecated",
      "resolved": "https://registry.npmjs.org/discord-buttons/-/discord-buttons-4.0.0-deprecated.tgz",
      "integrity": "sha512-9pH8YHRumOz9+VJr/MNJEdYDSMJiL0tCJ+wKPtjQQusohJHL1KTTxRtT1PH8snXYQKoevZ1c0YJ3ZWW4uTsIMA==",
      "deprecated": "New lib is coming! Join our support server for more help: https://discord.gg/KUS5pjyA4J",
      "funding": {
        "type": "individual",
        "url": "https://ko-fi.com/angelocore"
      }
    }
  },
  "dependencies": {
    "discord-buttons": {
      "version": "4.0.0-deprecated",
      "resolved": "https://registry.npmjs.org/discord-buttons/-/discord-buttons-4.0.0-deprecated.tgz",
      "integrity": "sha512-9pH8YHRumOz9+VJr/MNJEdYDSMJiL0tCJ+wKPtjQQusohJHL1KTTxRtT1PH8snXYQKoevZ1c0YJ3ZWW4uTsIMA=="
    }
  }
}
